// !$*UTF8*$!
{
	archiveVersion = 1;
	classes = {
	};
	objectVersion = 50;
	objects = {

/* Begin PBXBuildFile section */
		885022DA25AE559C00A0FE9A /* Menu.cpp in Sources */ = {isa = PBXBuildFile; fileRef = 885022D825AE559C00A0FE9A /* Menu.cpp */; };
		88AB9755257E427100B140E0 /* main.cpp in Sources */ = {isa = PBXBuildFile; fileRef = 88AB9754257E427100B140E0 /* main.cpp */; };
		88AB975E257E429B00B140E0 /* Song.cpp in Sources */ = {isa = PBXBuildFile; fileRef = 88AB975C257E429B00B140E0 /* Song.cpp */; };
		88AB9762257E6C4900B140E0 /* User.cpp in Sources */ = {isa = PBXBuildFile; fileRef = 88AB9760257E6C4900B140E0 /* User.cpp */; };
		88AB976B257EDCC600B140E0 /* Playlist.cpp in Sources */ = {isa = PBXBuildFile; fileRef = 88AB9769257EDCC600B140E0 /* Playlist.cpp */; };
/* End PBXBuildFile section */

/* Begin PBXCopyFilesBuildPhase section */
		88AB974F257E427100B140E0 /* CopyFiles */ = {
			isa = PBXCopyFilesBuildPhase;
			buildActionMask = 2147483647;
			dstPath = /usr/share/man/man1/;
			dstSubfolderSpec = 0;
			files = (
			);
			runOnlyForDeploymentPostprocessing = 1;
		};
/* End PBXCopyFilesBuildPhase section */

/* Begin PBXFileReference section */
		885022D825AE559C00A0FE9A /* Menu.cpp */ = {isa = PBXFileReference; lastKnownFileType = sourcecode.cpp.cpp; path = Menu.cpp; sourceTree = "<group>"; };
		885022D925AE559C00A0FE9A /* Menu.hpp */ = {isa = PBXFileReference; lastKnownFileType = sourcecode.cpp.h; path = Menu.hpp; sourceTree = "<group>"; };
		88AB9751257E427100B140E0 /* Music Library */ = {isa = PBXFileReference; explicitFileType = "compiled.mach-o.executable"; includeInIndex = 0; path = "Music Library"; sourceTree = BUILT_PRODUCTS_DIR; };
		88AB9754257E427100B140E0 /* main.cpp */ = {isa = PBXFileReference; lastKnownFileType = sourcecode.cpp.cpp; path = main.cpp; sourceTree = "<group>"; };
		88AB975C257E429B00B140E0 /* Song.cpp */ = {isa = PBXFileReference; lastKnownFileType = sourcecode.cpp.cpp; path = Song.cpp; sourceTree = "<group>"; };
		88AB975D257E429B00B140E0 /* Song.hpp */ = {isa = PBXFileReference; lastKnownFileType = sourcecode.cpp.h; path = Song.hpp; sourceTree = "<group>"; };
		88AB9760257E6C4900B140E0 /* User.cpp */ = {isa = PBXFileReference; lastKnownFileType = sourcecode.cpp.cpp; path = User.cpp; sourceTree = "<group>"; };
		88AB9761257E6C4900B140E0 /* User.hpp */ = {isa = PBXFileReference; lastKnownFileType = sourcecode.cpp.h; path = User.hpp; sourceTree = "<group>"; };
		88AB9769257EDCC600B140E0 /* Playlist.cpp */ = {isa = PBXFileReference; lastKnownFileType = sourcecode.cpp.cpp; path = Playlist.cpp; sourceTree = "<group>"; };
		88AB976A257EDCC600B140E0 /* Playlist.hpp */ = {isa = PBXFileReference; lastKnownFileType = sourcecode.cpp.h; path = Playlist.hpp; sourceTree = "<group>"; };
/* End PBXFileReference section */

/* Begin PBXFrameworksBuildPhase section */
		88AB974E257E427100B140E0 /* Frameworks */ = {
			isa = PBXFrameworksBuildPhase;
			buildActionMask = 2147483647;
			files = (
			);
			runOnlyForDeploymentPostprocessing = 0;
		};
/* End PBXFrameworksBuildPhase section */

/* Begin PBXGroup section */
		88AB9748257E427100B140E0 = {
			isa = PBXGroup;
			children = (
				88AB9753257E427100B140E0 /* Music Library */,
			);
			sourceTree = "<group>";
		};
		88AB9752257E427100B140E0 /* Products */ = {
			isa = PBXGroup;
			children = (
				88AB9751257E427100B140E0 /* Music Library */,
			);
			name = Products;
			path = ..;
			sourceTree = "<group>";
		};
		88AB9753257E427100B140E0 /* Music Library */ = {
			isa = PBXGroup;
			children = (
				88AB9754257E427100B140E0 /* main.cpp */,
				885022D825AE559C00A0FE9A /* Menu.cpp */,
				885022D925AE559C00A0FE9A /* Menu.hpp */,
				88AB975C257E429B00B140E0 /* Song.cpp */,
				88AB975D257E429B00B140E0 /* Song.hpp */,
				88AB9769257EDCC600B140E0 /* Playlist.cpp */,
				88AB976A257EDCC600B140E0 /* Playlist.hpp */,
				88AB9760257E6C4900B140E0 /* User.cpp */,
				88AB9761257E6C4900B140E0 /* User.hpp */,
				88AB9752257E427100B140E0 /* Products */,
			);
			path = "Music Library";
			sourceTree = "<group>";
		};
/* End PBXGroup section */

/* Begin PBXNativeTarget section */
		88AB9750257E427100B140E0 /* Music Library */ = {
			isa = PBXNativeTarget;
			buildConfigurationList = 88AB9758257E427100B140E0 /* Build configuration list for PBXNativeTarget "Music Library" */;
			buildPhases = (
				88AB974D257E427100B140E0 /* Sources */,
				88AB974E257E427100B140E0 /* Frameworks */,
				88AB974F257E427100B140E0 /* CopyFiles */,
			);
			buildRules = (
			);
			dependencies = (
			);
			name = "Music Library";
			productName = "Music Library";
			productReference = 88AB9751257E427100B140E0 /* Music Library */;
			productType = "com.apple.product-type.tool";
		};
/* End PBXNativeTarget section */

/* Begin PBXProject section */
		88AB9749257E427100B140E0 /* Project object */ = {
			isa = PBXProject;
			attributes = {
				LastUpgradeCheck = 1220;
				TargetAttributes = {
					88AB9750257E427100B140E0 = {
						CreatedOnToolsVersion = 12.2;
					};
				};
			};
			buildConfigurationList = 88AB974C257E427100B140E0 /* Build configuration list for PBXProject "Music Library" */;
			compatibilityVersion = "Xcode 9.3";
			developmentRegion = en;
			hasScannedForEncodings = 0;
			knownRegions = (
				en,
				Base,
			);
			mainGroup = 88AB9748257E427100B140E0;
			productRefGroup = 88AB9752257E427100B140E0 /* Products */;
			projectDirPath = "";
			projectRoot = "";
			targets = (
				88AB9750257E427100B140E0 /* Music Library */,
			);
		};
/* End PBXProject section */

/* Begin PBXSourcesBuildPhase section */
		88AB974D257E427100B140E0 /* Sources */ = {
			isa = PBXSourcesBuildPhase;
			buildActionMask = 2147483647;
			files = (
				88AB9762257E6C4900B140E0 /* User.cpp in Sources */,
				88AB975E257E429B00B140E0 /* Song.cpp in Sources */,
				88AB9755257E427100B140E0 /* main.cpp in Sources */,
				88AB976B257EDCC600B140E0 /* Playlist.cpp in Sources */,
				885022DA25AE559C00A0FE9A /* Menu.cpp in Sources */,
			);
			runOnlyForDeploymentPostprocessing = 0;
		};
/* End PBXSourcesBuildPhase section */

/* Begin XCBuildConfiguration section */
		88AB9756257E427100B140E0 /* Debug */ = {
			isa = XCBuildConfiguration;
			buildSettings = {
				ALWAYS_SEARCH_USER_PATHS = NO;
				CLANG_ANALYZER_NONNULL = YES;
				CLANG_ANALYZER_NUMBER_OBJECT_CONVERSION = YES_AGGRESSIVE;
				CLANG_CXX_LANGUAGE_STANDARD = "gnu++14";
				CLANG_CXX_LIBRARY = "libc++";
				CLANG_ENABLE_MODULES = YES;
				CLANG_ENABLE_OBJC_ARC = YES;
				CLANG_ENABLE_OBJC_WEAK = YES;
				CLANG_WARN_BLOCK_CAPTURE_AUTORELEASING = YES;
				CLANG_WARN_BOOL_CONVERSION = YES;
				CLANG_WARN_COMMA = YES;
				CLANG_WARN_CONSTANT_CONVERSION = YES;
				CLANG_WARN_DEPRECATED_OBJC_IMPLEMENTATIONS = YES;
				CLANG_WARN_DIRECT_OBJC_ISA_USAGE = YES_ERROR;
				CLANG_WARN_DOCUMENTATION_COMMENTS = YES;
				CLANG_WARN_EMPTY_BODY = YES;
				CLANG_WARN_ENUM_CONVERSION = YES;
				CLANG_WARN_INFINITE_RECURSION = YES;
				CLANG_WARN_INT_CONVERSION = YES;
				CLANG_WARN_NON_LITERAL_NULL_CONVERSION = YES;
				CLANG_WARN_OBJC_IMPLICIT_RETAIN_SELF = YES;
				CLANG_WARN_OBJC_LITERAL_CONVERSION = YES;
				CLANG_WARN_OBJC_ROOT_CLASS = YES_ERROR;
				CLANG_WARN_QUOTED_INCLUDE_IN_FRAMEWORK_HEADER = YES;
				CLANG_WARN_RANGE_LOOP_ANALYSIS = YES;
				CLANG_WARN_STRICT_PROTOTYPES = YES;
				CLANG_WARN_SUSPICIOUS_MOVE = YES;
				CLANG_WARN_UNGUARDED_AVAILABILITY = YES_AGGRESSIVE;
				CLANG_WARN_UNREACHABLE_CODE = YES;
				CLANG_WARN__DUPLICATE_METHOD_MATCH = YES;
				COPY_PHASE_STRIP = NO;
				DEBUG_INFORMATION_FORMAT = dwarf;
				ENABLE_STRICT_OBJC_MSGSEND = YES;
				ENABLE_TESTABILITY = YES;
				GCC_C_LANGUAGE_STANDARD = gnu11;
				GCC_DYNAMIC_NO_PIC = NO;
				GCC_NO_COMMON_BLOCKS = YES;
				GCC_OPTIMIZATION_LEVEL = 0;
				GCC_PREPROCESSOR_DEFINITIONS = (
					"DEBUG=1",
					"$(inherited)",
				);
				GCC_WARN_64_TO_32_BIT_CONVERSION = YES;
				GCC_WARN_ABOUT_RETURN_TYPE = YES_ERROR;
				GCC_WARN_UNDECLARED_SELECTOR = YES;
				GCC_WARN_UNINITIALIZED_AUTOS = YES_AGGRESSIVE;
				GCC_WARN_UNUSED_FUNCTION = YES;
				GCC_WARN_UNUSED_VARIABLE = YES;
				MACOSX_DEPLOYMENT_TARGET = 11.0;
				MTL_ENABLE_DEBUG_INFO = INCLUDE_SOURCE;
				MTL_FAST_MATH = YES;
				ONLY_ACTIVE_ARCH = YES;
				SDKROOT = macosx;
			};
			name = Debug;
		};
		88AB9757257E427100B140E0 /* Release */ = {
			isa = XCBuildConfiguration;
			buildSettings = {
				ALWAYS_SEARCH_USER_PATHS = NO;
				CLANG_ANALYZER_NONNULL = YES;
				CLANG_ANALYZER_NUMBER_OBJECT_CONVERSION = YES_AGGRESSIVE;
				CLANG_CXX_LANGUAGE_STANDARD = "gnu++14";
				CLANG_CXX_LIBRARY = "libc++";
				CLANG_ENABLE_MODULES = YES;
				CLANG_ENABLE_OBJC_ARC = YES;
				CLANG_ENABLE_OBJC_WEAK = YES;
				CLANG_WARN_BLOCK_CAPTURE_AUTORELEASING = YES;
				CLANG_WARN_BOOL_CONVERSION = YES;
				CLANG_WARN_COMMA = YES;
				CLANG_WARN_CONSTANT_CONVERSION = YES;
				CLANG_WARN_DEPRECATED_OBJC_IMPLEMENTATIONS = YES;
				CLANG_WARN_DIRECT_OBJC_ISA_USAGE = YES_ERROR;
				CLANG_WARN_DOCUMENTATION_COMMENTS = YES;
				CLANG_WARN_EMPTY_BODY = YES;
				CLANG_WARN_ENUM_CONVERSION = YES;
				CLANG_WARN_INFINITE_RECURSION = YES;
				CLANG_WARN_INT_CONVERSION = YES;
				CLANG_WARN_NON_LITERAL_NULL_CONVERSION = YES;
				CLANG_WARN_OBJC_IMPLICIT_RETAIN_SELF = YES;
				CLANG_WARN_OBJC_LITERAL_CONVERSION = YES;
				CLANG_WARN_OBJC_ROOT_CLASS = YES_ERROR;
				CLANG_WARN_QUOTED_INCLUDE_IN_FRAMEWORK_HEADER = YES;
				CLANG_WARN_RANGE_LOOP_ANALYSIS = YES;
				CLANG_WARN_STRICT_PROTOTYPES = YES;
				CLANG_WARN_SUSPICIOUS_MOVE = YES;
				CLANG_WARN_UNGUARDED_AVAILABILITY = YES_AGGRESSIVE;
				CLANG_WARN_UNREACHABLE_CODE = YES;
				CLANG_WARN__DUPLICATE_METHOD_MATCH = YES;
				COPY_PHASE_STRIP = NO;
				DEBUG_INFORMATION_FORMAT = "dwarf-with-dsym";
				ENABLE_NS_ASSERTIONS = NO;
				ENABLE_STRICT_OBJC_MSGSEND = YES;
				GCC_C_LANGUAGE_STANDARD = gnu11;
				GCC_NO_COMMON_BLOCKS = YES;
				GCC_WARN_64_TO_32_BIT_CONVERSION = YES;
				GCC_WARN_ABOUT_RETURN_TYPE = YES_ERROR;
				GCC_WARN_UNDECLARED_SELECTOR = YES;
				GCC_WARN_UNINITIALIZED_AUTOS = YES_AGGRESSIVE;
				GCC_WARN_UNUSED_FUNCTION = YES;
				GCC_WARN_UNUSED_VARIABLE = YES;
				MACOSX_DEPLOYMENT_TARGET = 11.0;
				MTL_ENABLE_DEBUG_INFO = NO;
				MTL_FAST_MATH = YES;
				SDKROOT = macosx;
			};
			name = Release;
		};
		88AB9759257E427100B140E0 /* Debug */ = {
			isa = XCBuildConfiguration;
			buildSettings = {
				CODE_SIGN_STYLE = Automatic;
				PRODUCT_NAME = "$(TARGET_NAME)";
			};
			name = Debug;
		};
		88AB975A257E427100B140E0 /* Release */ = {
			isa = XCBuildConfiguration;
			buildSettings = {
				CODE_SIGN_STYLE = Automatic;
				PRODUCT_NAME = "$(TARGET_NAME)";
			};
			name = Release;
		};
/* End XCBuildConfiguration section */

/* Begin XCConfigurationList section */
		88AB974C257E427100B140E0 /* Build configuration list for PBXProject "Music Library" */ = {
			isa = XCConfigurationList;
			buildConfigurations = (
				88AB9756257E427100B140E0 /* Debug */,
				88AB9757257E427100B140E0 /* Release */,
			);
			defaultConfigurationIsVisible = 0;
			defaultConfigurationName = Release;
		};
		88AB9758257E427100B140E0 /* Build configuration list for PBXNativeTarget "Music Library" */ = {
			isa = XCConfigurationList;
			buildConfigurations = (
				88AB9759257E427100B140E0 /* Debug */,
				88AB975A257E427100B140E0 /* Release */,
			);
			defaultConfigurationIsVisible = 0;
			defaultConfigurationName = Release;
		};
/* End XCConfigurationList section */
	};
	rootObject = 88AB9749257E427100B140E0 /* Project object */;
}
